{
  "name": "sharing-articles",
  "lockfileVersion": 2,
  "requires": true,
  "packages": {
    "": {
      "dependencies": {
        "mp-html": "^2.4.0",
        "uni-crazy-router": "^1.1.2"
      },
      "devDependencies": {
        "uni-vite-plugin-h5-prod-effect": "^1.0.1"
      }
    },
    "node_modules/mp-html": {
      "version": "2.4.0",
      "resolved": "https://registry.npmmirror.com/mp-html/-/mp-html-2.4.0.tgz",
      "integrity": "sha512-T8zcDoy+zR5VMQ9dnFK3bMAbibgVN8VitXNjuU9tuRPYSbo2qiGroYJSoAAF7XbFenMayKjeY8fkR0dxOD63sQ=="
    },
    "node_modules/punycode": {
      "version": "1.3.2",
      "resolved": "https://registry.npmmirror.com/punycode/-/punycode-1.3.2.tgz",
      "integrity": "sha512-RofWgt/7fL5wP1Y7fxE7/EmTLzQVnB0ycyibJ0OOHIlJqTNzglYFxVwETOcIoJqJmpDXJ9xImDv+Fq34F/d4Dw==",
      "peer": true
    },
    "node_modules/querystring": {
      "version": "0.2.0",
      "resolved": "https://registry.npmmirror.com/querystring/-/querystring-0.2.0.tgz",
      "integrity": "sha512-X/xY82scca2tau62i9mDyU9K+I+djTMUsvwf7xnUX5GLvVzgJybOJf4Y6o9Zx3oJK/LSXg5tTZBjwzqVPaPO2g==",
      "deprecated": "The querystring API is considered Legacy. new code should use the URLSearchParams API instead.",
      "peer": true,
      "engines": {
        "node": ">=0.4.x"
      }
    },
    "node_modules/regenerator-runtime": {
      "version": "0.12.1",
      "resolved": "https://registry.npmmirror.com/regenerator-runtime/-/regenerator-runtime-0.12.1.tgz",
      "integrity": "sha512-odxIc1/vDlo4iZcfXqRYFj0vpXFNoGdKMAUieAlFYO6m/nl5e9KR/beGf41z4a1FI+aQgtjhuaSlDxQ0hmkrHg==",
      "peer": true
    },
    "node_modules/uni-crazy-router": {
      "version": "1.1.2",
      "resolved": "https://registry.npmmirror.com/uni-crazy-router/-/uni-crazy-router-1.1.2.tgz",
      "integrity": "sha512-wLmgAXQWjxi0AVcyzCXJGF049oEkocMA3zQSFrNGktxGaFQqnhtemfE4WE6oV5ckrSJWe1WLioV4QdZK3z2rcA==",
      "peerDependencies": {
        "regenerator-runtime": "0.12.1",
        "url": "^0.11.0"
      }
    },
    "node_modules/uni-vite-plugin-h5-prod-effect": {
      "version": "1.0.1",
      "resolved": "https://registry.npmmirror.com/uni-vite-plugin-h5-prod-effect/-/uni-vite-plugin-h5-prod-effect-1.0.1.tgz",
      "integrity": "sha512-Yqh77yolttd2QcJy4W5slMR98EXb4V7ql49uVrNr74NhyQwPQLl9lg+ML9DrFlg8ZL7zUYJmGoK5bBCY0bYtcg==",
      "dev": true
    },
    "node_modules/url": {
      "version": "0.11.0",
      "resolved": "https://registry.npmmirror.com/url/-/url-0.11.0.tgz",
      "integrity": "sha512-kbailJa29QrtXnxgq+DdCEGlbTeYM2eJUxsz6vjZavrCYPMIFHMKQmSKYAIuUK2i7hgPm28a8piX5NTUtM/LKQ==",
      "peer": true,
      "dependencies": {
        "punycode": "1.3.2",
        "querystring": "0.2.0"
      }
    }
  },
  "dependencies": {
    "mp-html": {
      "version": "2.4.0",
      "resolved": "https://registry.npmmirror.com/mp-html/-/mp-html-2.4.0.tgz",
      "integrity": "sha512-T8zcDoy+zR5VMQ9dnFK3bMAbibgVN8VitXNjuU9tuRPYSbo2qiGroYJSoAAF7XbFenMayKjeY8fkR0dxOD63sQ=="
    },
    "punycode": {
      "version": "1.3.2",
      "resolved": "https://registry.npmmirror.com/punycode/-/punycode-1.3.2.tgz",
      "integrity": "sha512-RofWgt/7fL5wP1Y7fxE7/EmTLzQVnB0ycyibJ0OOHIlJqTNzglYFxVwETOcIoJqJmpDXJ9xImDv+Fq34F/d4Dw==",
      "peer": true
    },
    "querystring": {
      "version": "0.2.0",
      "resolved": "https://registry.npmmirror.com/querystring/-/querystring-0.2.0.tgz",
      "integrity": "sha512-X/xY82scca2tau62i9mDyU9K+I+djTMUsvwf7xnUX5GLvVzgJybOJf4Y6o9Zx3oJK/LSXg5tTZBjwzqVPaPO2g==",
      "peer": true
    },
    "regenerator-runtime": {
      "version": "0.12.1",
      "resolved": "https://registry.npmmirror.com/regenerator-runtime/-/regenerator-runtime-0.12.1.tgz",
      "integrity": "sha512-odxIc1/vDlo4iZcfXqRYFj0vpXFNoGdKMAUieAlFYO6m/nl5e9KR/beGf41z4a1FI+aQgtjhuaSlDxQ0hmkrHg==",
      "peer": true
    },
    "uni-crazy-router": {
      "version": "1.1.2",
      "resolved": "https://registry.npmmirror.com/uni-crazy-router/-/uni-crazy-router-1.1.2.tgz",
      "integrity": "sha512-wLmgAXQWjxi0AVcyzCXJGF049oEkocMA3zQSFrNGktxGaFQqnhtemfE4WE6oV5ckrSJWe1WLioV4QdZK3z2rcA==",
      "requires": {}
    },
    "uni-vite-plugin-h5-prod-effect": {
      "version": "1.0.1",
      "resolved": "https://registry.npmmirror.com/uni-vite-plugin-h5-prod-effect/-/uni-vite-plugin-h5-prod-effect-1.0.1.tgz",
      "integrity": "sha512-Yqh77yolttd2QcJy4W5slMR98EXb4V7ql49uVrNr74NhyQwPQLl9lg+ML9DrFlg8ZL7zUYJmGoK5bBCY0bYtcg==",
      "dev": true
    },
    "url": {
      "version": "0.11.0",
      "resolved": "https://registry.npmmirror.com/url/-/url-0.11.0.tgz",
      "integrity": "sha512-kbailJa29QrtXnxgq+DdCEGlbTeYM2eJUxsz6vjZavrCYPMIFHMKQmSKYAIuUK2i7hgPm28a8piX5NTUtM/LKQ==",
      "peer": true,
      "requires": {
        "punycode": "1.3.2",
        "querystring": "0.2.0"
      }
    }
  }
}
